
Microsoft Visual Studio Solution File, Format Version 12.00
# Visual Studio Version 17
VisualStudioVersion = 17.5.002.0
MinimumVisualStudioVersion = 10.0.40219.1
Project("{9A19103F-16F7-4668-BE54-9A1E7A4F7556}") = "learningappabhi", "learningappabhi.csproj", "{B591B4E8-3333-4A28-8705-A9B9F2823CBB}"
EndProject
Global
	GlobalSection(SolutionConfigurationPlatforms) = preSolution
		Debug|Any CPU = Debug|Any CPU
		Release|Any CPU = Release|Any CPU
	EndGlobalSection
	GlobalSection(ProjectConfigurationPlatforms) = postSolution
		{B591B4E8-3333-4A28-8705-A9B9F2823CBB}.Debug|Any CPU.ActiveCfg = Debug|Any CPU
		{B591B4E8-3333-4A28-8705-A9B9F2823CBB}.Debug|Any CPU.Build.0 = Debug|Any CPU
		{B591B4E8-3333-4A28-8705-A9B9F2823CBB}.Release|Any CPU.ActiveCfg = Release|Any CPU
		{B591B4E8-3333-4A28-8705-A9B9F2823CBB}.Release|Any CPU.Build.0 = Release|Any CPU
	EndGlobalSection
	GlobalSection(SolutionProperties) = preSolution
		HideSolutionNode = FALSE
	EndGlobalSection
	GlobalSection(ExtensibilityGlobals) = postSolution
		SolutionGuid = {BCFFD539-A732-4879-B2D7-AD7B03A5E52D}
	EndGlobalSection
EndGlobal
